{
  "name": "ngfire-predicate-builder",
  "version": "1.0.2",
  "lockfileVersion": 1,
  "requires": true,
  "dependencies": {
    "@firebase/firestore-types": {
      "version": "1.4.1",
      "resolved": "https://registry.npmjs.org/@firebase/firestore-types/-/firestore-types-1.4.1.tgz",
      "integrity": "sha512-F+mpOAzA+Xk6rZ2KRtRpqp3fULLDaFGWPyTBZthHkgq8ku3Q/C/KGfWUNOy38M65Mb0WM5zQcOvNkYt/o+YQjA=="
    }
  }
}
