{
  "name": "ngfire-firestore-query-builder",
  "version": "1.0.5",
  "lockfileVersion": 1,
  "requires": true,
  "dependencies": {
    "@firebase/app-types": {
      "version": "0.4.0",
      "resolved": "https://registry.npmjs.org/@firebase/app-types/-/app-types-0.4.0.tgz",
      "integrity": "sha512-8erNMHc0V26gA6Nj4W9laVrQrXHsj9K2TEM7eL2IQogGSHLL4vet3UNekYfcGQ2cjfvwUjMzd+BNS/8S7GnfiA=="
    },
    "@firebase/firestore-types": {
      "version": "1.4.1",
      "resolved": "https://registry.npmjs.org/@firebase/firestore-types/-/firestore-types-1.4.1.tgz",
      "integrity": "sha512-F+mpOAzA+Xk6rZ2KRtRpqp3fULLDaFGWPyTBZthHkgq8ku3Q/C/KGfWUNOy38M65Mb0WM5zQcOvNkYt/o+YQjA=="
    },
    "ngfire-shared": {
      "version": "1.0.4",
      "resolved": "https://registry.npmjs.org/ngfire-shared/-/ngfire-shared-1.0.4.tgz",
      "integrity": "sha512-6V8v3TYOz9Rd40gXX/sFMBmz9mb9bkYaNOMbt1xNgQfuCz0QZv/476w8scthdjz9UUMDTq6ona8DxICTQYAgIA=="
    }
  }
}
